
Microsoft Visual Studio Solution File, Format Version 12.00
# Visual Studio 15
Project("{FAE04EC0-301F-11D3-BF4B-00C04F79EFBC}") = "Assembly-CSharp", "Assembly-CSharp.csproj", "{45BE8BA6-3A2D-85C0-4309-E629F32665F8}"
EndProject
Project("{FAE04EC0-301F-11D3-BF4B-00C04F79EFBC}") = "Assembly-CSharp-firstpass", "Assembly-CSharp-firstpass.csproj", "{BCE54757-E1A4-8739-A1F7-621FA5F61C0C}"
EndProject
Global
	GlobalSection(SolutionConfigurationPlatforms) = preSolution
		Debug|Any CPU = Debug|Any CPU
		Release|Any CPU = Release|Any CPU
	EndGlobalSection
	GlobalSection(ProjectConfigurationPlatforms) = postSolution
		{45BE8BA6-3A2D-85C0-4309-E629F32665F8}.Debug|Any CPU.ActiveCfg = Debug|Any CPU
		{45BE8BA6-3A2D-85C0-4309-E629F32665F8}.Debug|Any CPU.Build.0 = Debug|Any CPU
		{45BE8BA6-3A2D-85C0-4309-E629F32665F8}.Release|Any CPU.ActiveCfg = Release|Any CPU
		{45BE8BA6-3A2D-85C0-4309-E629F32665F8}.Release|Any CPU.Build.0 = Release|Any CPU
		{BCE54757-E1A4-8739-A1F7-621FA5F61C0C}.Debug|Any CPU.ActiveCfg = Debug|Any CPU
		{BCE54757-E1A4-8739-A1F7-621FA5F61C0C}.Debug|Any CPU.Build.0 = Debug|Any CPU
		{BCE54757-E1A4-8739-A1F7-621FA5F61C0C}.Release|Any CPU.ActiveCfg = Release|Any CPU
		{BCE54757-E1A4-8739-A1F7-621FA5F61C0C}.Release|Any CPU.Build.0 = Release|Any CPU
	EndGlobalSection
	GlobalSection(SolutionProperties) = preSolution
		HideSolutionNode = FALSE
	EndGlobalSection
EndGlobal
